
Microsoft Visual Studio Solution File, Format Version 12.00
# Visual Studio 2013
VisualStudioVersion = 12.0.21005.1
MinimumVisualStudioVersion = 10.0.40219.1
Project("{FAE04EC0-301F-11D3-BF4B-00C04F79EFBC}") = "EmoteDisplayer", "EmoteDisplayer\EmoteDisplayer.csproj", "{CA0F41AC-C10B-4215-80D8-8F160B1D16EC}"
EndProject
Project("{FAE04EC0-301F-11D3-BF4B-00C04F79EFBC}") = "Twitch Emote Meter", "..\Twitch Emote Meter\Twitch Emote Meter\Twitch Emote Meter.csproj", "{E05BD728-5827-490F-A6FC-422E81EDE3B8}"
EndProject
Global
	GlobalSection(SolutionConfigurationPlatforms) = preSolution
		Debug|Any CPU = Debug|Any CPU
		Release|Any CPU = Release|Any CPU
	EndGlobalSection
	GlobalSection(ProjectConfigurationPlatforms) = postSolution
		{CA0F41AC-C10B-4215-80D8-8F160B1D16EC}.Debug|Any CPU.ActiveCfg = Debug|Any CPU
		{CA0F41AC-C10B-4215-80D8-8F160B1D16EC}.Debug|Any CPU.Build.0 = Debug|Any CPU
		{CA0F41AC-C10B-4215-80D8-8F160B1D16EC}.Release|Any CPU.ActiveCfg = Release|Any CPU
		{CA0F41AC-C10B-4215-80D8-8F160B1D16EC}.Release|Any CPU.Build.0 = Release|Any CPU
		{E05BD728-5827-490F-A6FC-422E81EDE3B8}.Debug|Any CPU.ActiveCfg = Debug|Any CPU
		{E05BD728-5827-490F-A6FC-422E81EDE3B8}.Debug|Any CPU.Build.0 = Debug|Any CPU
		{E05BD728-5827-490F-A6FC-422E81EDE3B8}.Release|Any CPU.ActiveCfg = Release|Any CPU
		{E05BD728-5827-490F-A6FC-422E81EDE3B8}.Release|Any CPU.Build.0 = Release|Any CPU
	EndGlobalSection
	GlobalSection(SolutionProperties) = preSolution
		HideSolutionNode = FALSE
	EndGlobalSection
EndGlobal
